
Microsoft Visual Studio Solution File, Format Version 12.00
# Visual Studio Version 16
VisualStudioVersion = 16.0.31702.278
MinimumVisualStudioVersion = 10.0.40219.1
Project("{FAE04EC0-301F-11D3-BF4B-00C04F79EFBC}") = "Task23", "Task23\Task23.csproj", "{1811AC39-5375-4745-A5B0-CD197FA0AECE}"
EndProject
Global
	GlobalSection(SolutionConfigurationPlatforms) = preSolution
		Debug|Any CPU = Debug|Any CPU
		Release|Any CPU = Release|Any CPU
	EndGlobalSection
	GlobalSection(ProjectConfigurationPlatforms) = postSolution
		{1811AC39-5375-4745-A5B0-CD197FA0AECE}.Debug|Any CPU.ActiveCfg = Debug|Any CPU
		{1811AC39-5375-4745-A5B0-CD197FA0AECE}.Debug|Any CPU.Build.0 = Debug|Any CPU
		{1811AC39-5375-4745-A5B0-CD197FA0AECE}.Release|Any CPU.ActiveCfg = Release|Any CPU
		{1811AC39-5375-4745-A5B0-CD197FA0AECE}.Release|Any CPU.Build.0 = Release|Any CPU
	EndGlobalSection
	GlobalSection(SolutionProperties) = preSolution
		HideSolutionNode = FALSE
	EndGlobalSection
	GlobalSection(ExtensibilityGlobals) = postSolution
		SolutionGuid = {3A68A66D-54A9-416C-8B59-74A70A56EACC}
	EndGlobalSection
EndGlobal
